
Microsoft Visual Studio Solution File, Format Version 12.00
# Visual Studio Version 16
VisualStudioVersion = 16.0.29709.97
MinimumVisualStudioVersion = 10.0.40219.1
Project("{8BC9CEB8-8B4A-11D0-8D11-00A0C91BC942}") = "Display_GL", "Display_GL\Display_GL.vcxproj", "{BB810597-C79C-4022-AABC-5BEEBEA88667}"
EndProject
Global
	GlobalSection(SolutionConfigurationPlatforms) = preSolution
		Debug|x64 = Debug|x64
		Debug|x86 = Debug|x86
		Release|x64 = Release|x64
		Release|x86 = Release|x86
	EndGlobalSection
	GlobalSection(ProjectConfigurationPlatforms) = postSolution
		{BB810597-C79C-4022-AABC-5BEEBEA88667}.Debug|x64.ActiveCfg = Debug|x64
		{BB810597-C79C-4022-AABC-5BEEBEA88667}.Debug|x64.Build.0 = Debug|x64
		{BB810597-C79C-4022-AABC-5BEEBEA88667}.Debug|x86.ActiveCfg = Debug|Win32
		{BB810597-C79C-4022-AABC-5BEEBEA88667}.Debug|x86.Build.0 = Debug|Win32
		{BB810597-C79C-4022-AABC-5BEEBEA88667}.Release|x64.ActiveCfg = Release|x64
		{BB810597-C79C-4022-AABC-5BEEBEA88667}.Release|x64.Build.0 = Release|x64
		{BB810597-C79C-4022-AABC-5BEEBEA88667}.Release|x86.ActiveCfg = Release|Win32
		{BB810597-C79C-4022-AABC-5BEEBEA88667}.Release|x86.Build.0 = Release|Win32
	EndGlobalSection
	GlobalSection(SolutionProperties) = preSolution
		HideSolutionNode = FALSE
	EndGlobalSection
	GlobalSection(ExtensibilityGlobals) = postSolution
		SolutionGuid = {8DB17F9A-9911-49F8-AE5B-25EB663E709C}
	EndGlobalSection
EndGlobal
